
Microsoft Visual Studio Solution File, Format Version 12.00
# Visual Studio Version 17
VisualStudioVersion = 17.14.36310.24
MinimumVisualStudioVersion = 10.0.40219.1
Project("{2150E333-8FDC-42A3-9474-1A3956D46DE8}") = "src", "src", "{02EA681E-C7D8-13C7-8484-4AC65E1B71E8}"
EndProject
Project("{2150E333-8FDC-42A3-9474-1A3956D46DE8}") = "tests", "tests", "{C3C160A5-7C36-401A-B08B-D20A9F9CA60E}"
EndProject
Project("{FAE04EC0-301F-11D3-BF4B-00C04F79EFBC}") = "CafeDotNet.Core", "src\CafeDotNet.Core\CafeDotNet.Core.csproj", "{4B68879C-4BE8-4BFB-9391-6F1787C0D2BA}"
EndProject
Project("{FAE04EC0-301F-11D3-BF4B-00C04F79EFBC}") = "CafeDotNet.Manager", "src\CafeDotNet.Manager\CafeDotNet.Manager.csproj", "{DC90FDEE-BBC5-48D8-8E45-669A2CFF4744}"
EndProject
Project("{2150E333-8FDC-42A3-9474-1A3956D46DE8}") = "01 - Domain", "01 - Domain", "{4656AB95-547A-428D-AD73-6B22DFC71393}"
EndProject
Project("{2150E333-8FDC-42A3-9474-1A3956D46DE8}") = "02 - Application", "02 - Application", "{40B24A8F-04D0-4FE8-9798-0BF98B905A6E}"
EndProject
Project("{2150E333-8FDC-42A3-9474-1A3956D46DE8}") = "03 - InfraStructure", "03 - InfraStructure", "{FBE964F9-5B8B-4B5B-96AC-018728AF11C1}"
EndProject
Project("{FAE04EC0-301F-11D3-BF4B-00C04F79EFBC}") = "CafeDotNet.Infra.Data.PostgreSql", "src\CafeDotNet.Infra.Data.PostgreSql\CafeDotNet.Infra.Data.PostgreSql.csproj", "{4EF48BBB-402F-4027-BB2C-DAEA2E6EA16F}"
EndProject
Project("{FAE04EC0-301F-11D3-BF4B-00C04F79EFBC}") = "CafeDotNet.Infra.Data.SqlServer", "src\CafeDotNet.Infra.Data.SqlServer\CafeDotNet.Infra.Data.SqlServer.csproj", "{A9FF7790-01CF-47D8-B20C-91871DA97C74}"
EndProject
Project("{FAE04EC0-301F-11D3-BF4B-00C04F79EFBC}") = "CafeDotNet.Infra.Data.MySql", "src\CafeDotNet.Infra.Data.MySql\CafeDotNet.Infra.Data.MySql.csproj", "{A06D28D3-6A54-4ABB-9B44-30F403CFEF93}"
EndProject
Project("{2150E333-8FDC-42A3-9474-1A3956D46DE8}") = "00 - Presentation", "00 - Presentation", "{91C5213C-5AA2-4F02-BEBA-13C4B765302D}"
EndProject
Project("{FAE04EC0-301F-11D3-BF4B-00C04F79EFBC}") = "CafeDotNet.Web", "src\CafeDotNet.Web\CafeDotNet.Web.csproj", "{9DB08394-BEF0-49E1-9C5E-974DF004B200}"
EndProject
Project("{FAE04EC0-301F-11D3-BF4B-00C04F79EFBC}") = "CafeDotNet.Infra.Logging", "src\CafeDotNet.Infra.Logging\CafeDotNet.Infra.Logging.csproj", "{72BEE060-855A-43F5-B9B6-53D0864B9EA7}"
EndProject
Global
	GlobalSection(SolutionConfigurationPlatforms) = preSolution
		Debug|Any CPU = Debug|Any CPU
		Release|Any CPU = Release|Any CPU
	EndGlobalSection
	GlobalSection(ProjectConfigurationPlatforms) = postSolution
		{4B68879C-4BE8-4BFB-9391-6F1787C0D2BA}.Debug|Any CPU.ActiveCfg = Debug|Any CPU
		{4B68879C-4BE8-4BFB-9391-6F1787C0D2BA}.Debug|Any CPU.Build.0 = Debug|Any CPU
		{4B68879C-4BE8-4BFB-9391-6F1787C0D2BA}.Release|Any CPU.ActiveCfg = Release|Any CPU
		{4B68879C-4BE8-4BFB-9391-6F1787C0D2BA}.Release|Any CPU.Build.0 = Release|Any CPU
		{DC90FDEE-BBC5-48D8-8E45-669A2CFF4744}.Debug|Any CPU.ActiveCfg = Debug|Any CPU
		{DC90FDEE-BBC5-48D8-8E45-669A2CFF4744}.Debug|Any CPU.Build.0 = Debug|Any CPU
		{DC90FDEE-BBC5-48D8-8E45-669A2CFF4744}.Release|Any CPU.ActiveCfg = Release|Any CPU
		{DC90FDEE-BBC5-48D8-8E45-669A2CFF4744}.Release|Any CPU.Build.0 = Release|Any CPU
		{4EF48BBB-402F-4027-BB2C-DAEA2E6EA16F}.Debug|Any CPU.ActiveCfg = Debug|Any CPU
		{4EF48BBB-402F-4027-BB2C-DAEA2E6EA16F}.Debug|Any CPU.Build.0 = Debug|Any CPU
		{4EF48BBB-402F-4027-BB2C-DAEA2E6EA16F}.Release|Any CPU.ActiveCfg = Release|Any CPU
		{4EF48BBB-402F-4027-BB2C-DAEA2E6EA16F}.Release|Any CPU.Build.0 = Release|Any CPU
		{A9FF7790-01CF-47D8-B20C-91871DA97C74}.Debug|Any CPU.ActiveCfg = Debug|Any CPU
		{A9FF7790-01CF-47D8-B20C-91871DA97C74}.Debug|Any CPU.Build.0 = Debug|Any CPU
		{A9FF7790-01CF-47D8-B20C-91871DA97C74}.Release|Any CPU.ActiveCfg = Release|Any CPU
		{A9FF7790-01CF-47D8-B20C-91871DA97C74}.Release|Any CPU.Build.0 = Release|Any CPU
		{A06D28D3-6A54-4ABB-9B44-30F403CFEF93}.Debug|Any CPU.ActiveCfg = Debug|Any CPU
		{A06D28D3-6A54-4ABB-9B44-30F403CFEF93}.Debug|Any CPU.Build.0 = Debug|Any CPU
		{A06D28D3-6A54-4ABB-9B44-30F403CFEF93}.Release|Any CPU.ActiveCfg = Release|Any CPU
		{A06D28D3-6A54-4ABB-9B44-30F403CFEF93}.Release|Any CPU.Build.0 = Release|Any CPU
		{9DB08394-BEF0-49E1-9C5E-974DF004B200}.Debug|Any CPU.ActiveCfg = Debug|Any CPU
		{9DB08394-BEF0-49E1-9C5E-974DF004B200}.Debug|Any CPU.Build.0 = Debug|Any CPU
		{9DB08394-BEF0-49E1-9C5E-974DF004B200}.Release|Any CPU.ActiveCfg = Release|Any CPU
		{9DB08394-BEF0-49E1-9C5E-974DF004B200}.Release|Any CPU.Build.0 = Release|Any CPU
		{72BEE060-855A-43F5-B9B6-53D0864B9EA7}.Debug|Any CPU.ActiveCfg = Debug|Any CPU
		{72BEE060-855A-43F5-B9B6-53D0864B9EA7}.Debug|Any CPU.Build.0 = Debug|Any CPU
		{72BEE060-855A-43F5-B9B6-53D0864B9EA7}.Release|Any CPU.ActiveCfg = Release|Any CPU
		{72BEE060-855A-43F5-B9B6-53D0864B9EA7}.Release|Any CPU.Build.0 = Release|Any CPU
	EndGlobalSection
	GlobalSection(SolutionProperties) = preSolution
		HideSolutionNode = FALSE
	EndGlobalSection
	GlobalSection(NestedProjects) = preSolution
		{4B68879C-4BE8-4BFB-9391-6F1787C0D2BA} = {4656AB95-547A-428D-AD73-6B22DFC71393}
		{DC90FDEE-BBC5-48D8-8E45-669A2CFF4744} = {40B24A8F-04D0-4FE8-9798-0BF98B905A6E}
		{4656AB95-547A-428D-AD73-6B22DFC71393} = {02EA681E-C7D8-13C7-8484-4AC65E1B71E8}
		{40B24A8F-04D0-4FE8-9798-0BF98B905A6E} = {02EA681E-C7D8-13C7-8484-4AC65E1B71E8}
		{FBE964F9-5B8B-4B5B-96AC-018728AF11C1} = {02EA681E-C7D8-13C7-8484-4AC65E1B71E8}
		{4EF48BBB-402F-4027-BB2C-DAEA2E6EA16F} = {FBE964F9-5B8B-4B5B-96AC-018728AF11C1}
		{A9FF7790-01CF-47D8-B20C-91871DA97C74} = {FBE964F9-5B8B-4B5B-96AC-018728AF11C1}
		{A06D28D3-6A54-4ABB-9B44-30F403CFEF93} = {FBE964F9-5B8B-4B5B-96AC-018728AF11C1}
		{91C5213C-5AA2-4F02-BEBA-13C4B765302D} = {02EA681E-C7D8-13C7-8484-4AC65E1B71E8}
		{9DB08394-BEF0-49E1-9C5E-974DF004B200} = {91C5213C-5AA2-4F02-BEBA-13C4B765302D}
		{72BEE060-855A-43F5-B9B6-53D0864B9EA7} = {FBE964F9-5B8B-4B5B-96AC-018728AF11C1}
	EndGlobalSection
	GlobalSection(ExtensibilityGlobals) = postSolution
		SolutionGuid = {22759E41-F952-4875-A6BC-BDC43D0C842E}
	EndGlobalSection
EndGlobal
